
Microsoft Visual Studio Solution File, Format Version 12.00
# Visual Studio Version 17
VisualStudioVersion = 17.7.34031.279
MinimumVisualStudioVersion = 10.0.40219.1
Project("{FAE04EC0-301F-11D3-BF4B-00C04F79EFBC}") = "Anket_Json", "Anket_Json\Anket_Json.csproj", "{468B5F61-435E-405A-A250-5DB9A446F4DF}"
EndProject
Global
	GlobalSection(SolutionConfigurationPlatforms) = preSolution
		Debug|Any CPU = Debug|Any CPU
		Release|Any CPU = Release|Any CPU
	EndGlobalSection
	GlobalSection(ProjectConfigurationPlatforms) = postSolution
		{468B5F61-435E-405A-A250-5DB9A446F4DF}.Debug|Any CPU.ActiveCfg = Debug|Any CPU
		{468B5F61-435E-405A-A250-5DB9A446F4DF}.Debug|Any CPU.Build.0 = Debug|Any CPU
		{468B5F61-435E-405A-A250-5DB9A446F4DF}.Release|Any CPU.ActiveCfg = Release|Any CPU
		{468B5F61-435E-405A-A250-5DB9A446F4DF}.Release|Any CPU.Build.0 = Release|Any CPU
	EndGlobalSection
	GlobalSection(SolutionProperties) = preSolution
		HideSolutionNode = FALSE
	EndGlobalSection
	GlobalSection(ExtensibilityGlobals) = postSolution
		SolutionGuid = {51143D42-D356-4EF8-90A1-4D94222CB430}
	EndGlobalSection
EndGlobal
